
Microsoft Visual Studio Solution File, Format Version 12.00
# Visual Studio Version 17
VisualStudioVersion = 17.3.32825.248
MinimumVisualStudioVersion = 10.0.40219.1
Project("{FAE04EC0-301F-11D3-BF4B-00C04F79EFBC}") = "DockerMinicurso", "DockerMinicurso\DockerMinicurso.csproj", "{4D869A32-8862-404B-AE28-5D859FA502BC}"
EndProject
Global
	GlobalSection(SolutionConfigurationPlatforms) = preSolution
		Debug|Any CPU = Debug|Any CPU
		Release|Any CPU = Release|Any CPU
	EndGlobalSection
	GlobalSection(ProjectConfigurationPlatforms) = postSolution
		{4D869A32-8862-404B-AE28-5D859FA502BC}.Debug|Any CPU.ActiveCfg = Debug|Any CPU
		{4D869A32-8862-404B-AE28-5D859FA502BC}.Debug|Any CPU.Build.0 = Debug|Any CPU
		{4D869A32-8862-404B-AE28-5D859FA502BC}.Release|Any CPU.ActiveCfg = Release|Any CPU
		{4D869A32-8862-404B-AE28-5D859FA502BC}.Release|Any CPU.Build.0 = Release|Any CPU
	EndGlobalSection
	GlobalSection(SolutionProperties) = preSolution
		HideSolutionNode = FALSE
	EndGlobalSection
	GlobalSection(ExtensibilityGlobals) = postSolution
		SolutionGuid = {1CABEEC7-FAA6-4A1A-9A3A-919A8A6891E2}
	EndGlobalSection
EndGlobal
